# This file is automatically @generated by Cargo.
# It is not intended for manual editing.
version = 4

[[package]]
name = "kartoffel"
version = "0.7.0"

[[package]]
name = "kartoffel-bot"
version = "0.1.0"
dependencies = [
 "kartoffel",
 "threat-map",
]

[[package]]
name = "threat-map"
version = "0.1.0"
